// !$*UTF8*$!
{
	archiveVersion = 1;
	classes = {
	};
	objectVersion = 56;
	objects = {

/* Begin PBXBuildFile section */
		454127282BA3E9EE00C66FC6 /* EditAccountViewController.swift in Sources */ = {isa = PBXBuildFile; fileRef = 454127272BA3E9EE00C66FC6 /* EditAccountViewController.swift */; };
		4541272C2BA3F04000C66FC6 /* ImagePickerCell.swift in Sources */ = {isa = PBXBuildFile; fileRef = 4541272B2BA3F04000C66FC6 /* ImagePickerCell.swift */; };
		455C8CFB2BA57BE500DC4241 /* AdminViewController.swift in Sources */ = {isa = PBXBuildFile; fileRef = 455C8CFA2BA57BE500DC4241 /* AdminViewController.swift */; };
		455C8CFD2BA57E1E00DC4241 /* CandidateTableViewCell.swift in Sources */ = {isa = PBXBuildFile; fileRef = 455C8CFC2BA57E1E00DC4241 /* CandidateTableViewCell.swift */; };
		455C8D052BA5EECB00DC4241 /* UserModel.swift in Sources */ = {isa = PBXBuildFile; fileRef = 455C8D042BA5EECB00DC4241 /* UserModel.swift */; };
		4573C9E52BA6D50000A5AD41 /* Checkbox.swift in Sources */ = {isa = PBXBuildFile; fileRef = 4573C9E42BA6D50000A5AD41 /* Checkbox.swift */; };
		458F7EA52BA3657D0040D032 /* DashboardViewController.swift in Sources */ = {isa = PBXBuildFile; fileRef = 458F7EA42BA3657D0040D032 /* DashboardViewController.swift */; };
		459440342BA63D3600EF04CB /* PersistenceController.swift in Sources */ = {isa = PBXBuildFile; fileRef = 459440332BA63D3600EF04CB /* PersistenceController.swift */; };
		45A0C2012BA486EE00FED62C /* CustomPushAnimator.swift in Sources */ = {isa = PBXBuildFile; fileRef = 45A0C2002BA486EE00FED62C /* CustomPushAnimator.swift */; };
		45A9E4DB2BA33DE300EA05C9 /* AppDelegate.swift in Sources */ = {isa = PBXBuildFile; fileRef = 45A9E4DA2BA33DE300EA05C9 /* AppDelegate.swift */; };
		45A9E4DD2BA33DE300EA05C9 /* SceneDelegate.swift in Sources */ = {isa = PBXBuildFile; fileRef = 45A9E4DC2BA33DE300EA05C9 /* SceneDelegate.swift */; };
		45A9E4E52BA33DE300EA05C9 /* SwiftHire.xcdatamodeld in Sources */ = {isa = PBXBuildFile; fileRef = 45A9E4E32BA33DE300EA05C9 /* SwiftHire.xcdatamodeld */; };
		45A9E5032BA33EAE00EA05C9 /* Settings.plist in Resources */ = {isa = PBXBuildFile; fileRef = 45A9E4F22BA33EAE00EA05C9 /* Settings.plist */; };
		45A9E5042BA33EAE00EA05C9 /* Images.xcassets in Resources */ = {isa = PBXBuildFile; fileRef = 45A9E4F42BA33EAE00EA05C9 /* Images.xcassets */; };
		45A9E5052BA33EAE00EA05C9 /* LaunchImage.png in Resources */ = {isa = PBXBuildFile; fileRef = 45A9E4F52BA33EAE00EA05C9 /* LaunchImage.png */; };
		45A9E5062BA33EAE00EA05C9 /* GoogleService-Info.plist in Resources */ = {isa = PBXBuildFile; fileRef = 45A9E4F62BA33EAE00EA05C9 /* GoogleService-Info.plist */; };
		45A9E5082BA33EAE00EA05C9 /* SignInSignUpViewController.swift in Sources */ = {isa = PBXBuildFile; fileRef = 45A9E4F82BA33EAE00EA05C9 /* SignInSignUpViewController.swift */; };
		45A9E50A2BA33EAE00EA05C9 /* LoginViewController.swift in Sources */ = {isa = PBXBuildFile; fileRef = 45A9E4FB2BA33EAE00EA05C9 /* LoginViewController.swift */; };
		45A9E50D2BA33EAE00EA05C9 /* SignUpViewController.swift in Sources */ = {isa = PBXBuildFile; fileRef = 45A9E5012BA33EAE00EA05C9 /* SignUpViewController.swift */; };
		45A9E50E2BA33EAE00EA05C9 /* AppSettings.swift in Sources */ = {isa = PBXBuildFile; fileRef = 45A9E5022BA33EAE00EA05C9 /* AppSettings.swift */; };
		45A9E5102BA33F4E00EA05C9 /* LaunchScreen.storyboard in Resources */ = {isa = PBXBuildFile; fileRef = 45A9E50F2BA33F4E00EA05C9 /* LaunchScreen.storyboard */; };
		45A9E5122BA33F5900EA05C9 /* Main.storyboard in Resources */ = {isa = PBXBuildFile; fileRef = 45A9E5112BA33F5900EA05C9 /* Main.storyboard */; };
		45B7DDAD2BA43694003DB061 /* InterviewCell.swift in Sources */ = {isa = PBXBuildFile; fileRef = 45B7DDAC2BA43694003DB061 /* InterviewCell.swift */; };
/* End PBXBuildFile section */

/* Begin PBXFileReference section */
		454127272BA3E9EE00C66FC6 /* EditAccountViewController.swift */ = {isa = PBXFileReference; lastKnownFileType = sourcecode.swift; path = EditAccountViewController.swift; sourceTree = "<group>"; };
		4541272B2BA3F04000C66FC6 /* ImagePickerCell.swift */ = {isa = PBXFileReference; lastKnownFileType = sourcecode.swift; path = ImagePickerCell.swift; sourceTree = "<group>"; };
		455C8CFA2BA57BE500DC4241 /* AdminViewController.swift */ = {isa = PBXFileReference; lastKnownFileType = sourcecode.swift; path = AdminViewController.swift; sourceTree = "<group>"; };
		455C8CFC2BA57E1E00DC4241 /* CandidateTableViewCell.swift */ = {isa = PBXFileReference; lastKnownFileType = sourcecode.swift; path = CandidateTableViewCell.swift; sourceTree = "<group>"; };
		455C8D042BA5EECB00DC4241 /* UserModel.swift */ = {isa = PBXFileReference; lastKnownFileType = sourcecode.swift; path = UserModel.swift; sourceTree = "<group>"; };
		4573C9E42BA6D50000A5AD41 /* Checkbox.swift */ = {isa = PBXFileReference; lastKnownFileType = sourcecode.swift; path = Checkbox.swift; sourceTree = "<group>"; };
		458F7EA42BA3657D0040D032 /* DashboardViewController.swift */ = {isa = PBXFileReference; lastKnownFileType = sourcecode.swift; path = DashboardViewController.swift; sourceTree = "<group>"; };
		459440332BA63D3600EF04CB /* PersistenceController.swift */ = {isa = PBXFileReference; lastKnownFileType = sourcecode.swift; path = PersistenceController.swift; sourceTree = "<group>"; };
		45A0C2002BA486EE00FED62C /* CustomPushAnimator.swift */ = {isa = PBXFileReference; lastKnownFileType = sourcecode.swift; path = CustomPushAnimator.swift; sourceTree = "<group>"; };
		45A9E4D72BA33DE300EA05C9 /* SwiftHire.app */ = {isa = PBXFileReference; explicitFileType = wrapper.application; includeInIndex = 0; path = SwiftHire.app; sourceTree = BUILT_PRODUCTS_DIR; };
		45A9E4DA2BA33DE300EA05C9 /* AppDelegate.swift */ = {isa = PBXFileReference; lastKnownFileType = sourcecode.swift; path = AppDelegate.swift; sourceTree = "<group>"; };
		45A9E4DC2BA33DE300EA05C9 /* SceneDelegate.swift */ = {isa = PBXFileReference; lastKnownFileType = sourcecode.swift; path = SceneDelegate.swift; sourceTree = "<group>"; };
		45A9E4E42BA33DE300EA05C9 /* SwiftHire.xcdatamodel */ = {isa = PBXFileReference; lastKnownFileType = wrapper.xcdatamodel; path = SwiftHire.xcdatamodel; sourceTree = "<group>"; };
		45A9E4F22BA33EAE00EA05C9 /* Settings.plist */ = {isa = PBXFileReference; fileEncoding = 4; lastKnownFileType = text.plist.xml; path = Settings.plist; sourceTree = "<group>"; };
		45A9E4F42BA33EAE00EA05C9 /* Images.xcassets */ = {isa = PBXFileReference; lastKnownFileType = folder.assetcatalog; path = Images.xcassets; sourceTree = "<group>"; };
		45A9E4F52BA33EAE00EA05C9 /* LaunchImage.png */ = {isa = PBXFileReference; lastKnownFileType = image.png; path = LaunchImage.png; sourceTree = "<group>"; };
		45A9E4F62BA33EAE00EA05C9 /* GoogleService-Info.plist */ = {isa = PBXFileReference; fileEncoding = 4; lastKnownFileType = text.plist.xml; path = "GoogleService-Info.plist"; sourceTree = "<group>"; };
		45A9E4F82BA33EAE00EA05C9 /* SignInSignUpViewController.swift */ = {isa = PBXFileReference; fileEncoding = 4; lastKnownFileType = sourcecode.swift; path = SignInSignUpViewController.swift; sourceTree = "<group>"; };
		45A9E4FB2BA33EAE00EA05C9 /* LoginViewController.swift */ = {isa = PBXFileReference; fileEncoding = 4; lastKnownFileType = sourcecode.swift; path = LoginViewController.swift; sourceTree = "<group>"; };
		45A9E5012BA33EAE00EA05C9 /* SignUpViewController.swift */ = {isa = PBXFileReference; fileEncoding = 4; lastKnownFileType = sourcecode.swift; path = SignUpViewController.swift; sourceTree = "<group>"; };
		45A9E5022BA33EAE00EA05C9 /* AppSettings.swift */ = {isa = PBXFileReference; fileEncoding = 4; lastKnownFileType = sourcecode.swift; path = AppSettings.swift; sourceTree = "<group>"; };
		45A9E50F2BA33F4E00EA05C9 /* LaunchScreen.storyboard */ = {isa = PBXFileReference; fileEncoding = 4; lastKnownFileType = file.storyboard; path = LaunchScreen.storyboard; sourceTree = "<group>"; };
		45A9E5112BA33F5900EA05C9 /* Main.storyboard */ = {isa = PBXFileReference; fileEncoding = 4; lastKnownFileType = file.storyboard; path = Main.storyboard; sourceTree = "<group>"; };
		45A9E5132BA3403100EA05C9 /* Info.plist */ = {isa = PBXFileReference; fileEncoding = 4; lastKnownFileType = text.plist.xml; path = Info.plist; sourceTree = "<group>"; };
		45B7DDAC2BA43694003DB061 /* InterviewCell.swift */ = {isa = PBXFileReference; lastKnownFileType = sourcecode.swift; path = InterviewCell.swift; sourceTree = "<group>"; };
/* End PBXFileReference section */

/* Begin PBXFrameworksBuildPhase section */
		45A9E4D42BA33DE300EA05C9 /* Frameworks */ = {
			isa = PBXFrameworksBuildPhase;
			buildActionMask = 2147483647;
			files = (
			);
			runOnlyForDeploymentPostprocessing = 0;
		};
/* End PBXFrameworksBuildPhase section */

/* Begin PBXGroup section */
		45A9E4CE2BA33DE300EA05C9 = {
			isa = PBXGroup;
			children = (
				45A9E4D92BA33DE300EA05C9 /* SwiftHire */,
				45A9E4D82BA33DE300EA05C9 /* Products */,
			);
			sourceTree = "<group>";
		};
		45A9E4D82BA33DE300EA05C9 /* Products */ = {
			isa = PBXGroup;
			children = (
				45A9E4D72BA33DE300EA05C9 /* SwiftHire.app */,
			);
			name = Products;
			sourceTree = "<group>";
		};
		45A9E4D92BA33DE300EA05C9 /* SwiftHire */ = {
			isa = PBXGroup;
			children = (
				45A9E5112BA33F5900EA05C9 /* Main.storyboard */,
				45A9E50F2BA33F4E00EA05C9 /* LaunchScreen.storyboard */,
				45A9E5022BA33EAE00EA05C9 /* AppSettings.swift */,
				45A9E4FB2BA33EAE00EA05C9 /* LoginViewController.swift */,
				45A9E4F82BA33EAE00EA05C9 /* SignInSignUpViewController.swift */,
				45A9E5012BA33EAE00EA05C9 /* SignUpViewController.swift */,
				454127272BA3E9EE00C66FC6 /* EditAccountViewController.swift */,
				4541272B2BA3F04000C66FC6 /* ImagePickerCell.swift */,
				455C8CFA2BA57BE500DC4241 /* AdminViewController.swift */,
				45B7DDAC2BA43694003DB061 /* InterviewCell.swift */,
				45A0C2002BA486EE00FED62C /* CustomPushAnimator.swift */,
				458F7EA42BA3657D0040D032 /* DashboardViewController.swift */,
				455C8CFC2BA57E1E00DC4241 /* CandidateTableViewCell.swift */,
				459440332BA63D3600EF04CB /* PersistenceController.swift */,
				4573C9E42BA6D50000A5AD41 /* Checkbox.swift */,
				45A9E4F12BA33EAE00EA05C9 /* Target */,
				45A9E4DA2BA33DE300EA05C9 /* AppDelegate.swift */,
				45A9E4DC2BA33DE300EA05C9 /* SceneDelegate.swift */,
				45A9E4E32BA33DE300EA05C9 /* SwiftHire.xcdatamodeld */,
				455C8D042BA5EECB00DC4241 /* UserModel.swift */,
			);
			path = SwiftHire;
			sourceTree = "<group>";
		};
		45A9E4F12BA33EAE00EA05C9 /* Target */ = {
			isa = PBXGroup;
			children = (
				45A9E4F22BA33EAE00EA05C9 /* Settings.plist */,
				45A9E4F32BA33EAE00EA05C9 /* Resources */,
				45A9E4F62BA33EAE00EA05C9 /* GoogleService-Info.plist */,
				45A9E5132BA3403100EA05C9 /* Info.plist */,
			);
			path = Target;
			sourceTree = "<group>";
		};
		45A9E4F32BA33EAE00EA05C9 /* Resources */ = {
			isa = PBXGroup;
			children = (
				45A9E4F42BA33EAE00EA05C9 /* Images.xcassets */,
				45A9E4F52BA33EAE00EA05C9 /* LaunchImage.png */,
			);
			path = Resources;
			sourceTree = "<group>";
		};
/* End PBXGroup section */

/* Begin PBXNativeTarget section */
		45A9E4D62BA33DE300EA05C9 /* SwiftHire */ = {
			isa = PBXNativeTarget;
			buildConfigurationList = 45A9E4EE2BA33DE600EA05C9 /* Build configuration list for PBXNativeTarget "SwiftHire" */;
			buildPhases = (
				45A9E4D32BA33DE300EA05C9 /* Sources */,
				45A9E4D42BA33DE300EA05C9 /* Frameworks */,
				45A9E4D52BA33DE300EA05C9 /* Resources */,
			);
			buildRules = (
			);
			dependencies = (
			);
			name = SwiftHire;
			productName = SwiftHire;
			productReference = 45A9E4D72BA33DE300EA05C9 /* SwiftHire.app */;
			productType = "com.apple.product-type.application";
		};
/* End PBXNativeTarget section */

/* Begin PBXProject section */
		45A9E4CF2BA33DE300EA05C9 /* Project object */ = {
			isa = PBXProject;
			attributes = {
				BuildIndependentTargetsInParallel = 1;
				LastSwiftUpdateCheck = 1420;
				LastUpgradeCheck = 1420;
				TargetAttributes = {
					45A9E4D62BA33DE300EA05C9 = {
						CreatedOnToolsVersion = 14.2;
					};
				};
			};
			buildConfigurationList = 45A9E4D22BA33DE300EA05C9 /* Build configuration list for PBXProject "SwiftHire" */;
			compatibilityVersion = "Xcode 14.0";
			developmentRegion = en;
			hasScannedForEncodings = 0;
			knownRegions = (
				en,
				Base,
			);
			mainGroup = 45A9E4CE2BA33DE300EA05C9;
			productRefGroup = 45A9E4D82BA33DE300EA05C9 /* Products */;
			projectDirPath = "";
			projectRoot = "";
			targets = (
				45A9E4D62BA33DE300EA05C9 /* SwiftHire */,
			);
		};
/* End PBXProject section */

/* Begin PBXResourcesBuildPhase section */
		45A9E4D52BA33DE300EA05C9 /* Resources */ = {
			isa = PBXResourcesBuildPhase;
			buildActionMask = 2147483647;
			files = (
				45A9E5122BA33F5900EA05C9 /* Main.storyboard in Resources */,
				45A9E5052BA33EAE00EA05C9 /* LaunchImage.png in Resources */,
				45A9E5042BA33EAE00EA05C9 /* Images.xcassets in Resources */,
				45A9E5032BA33EAE00EA05C9 /* Settings.plist in Resources */,
				45A9E5102BA33F4E00EA05C9 /* LaunchScreen.storyboard in Resources */,
				45A9E5062BA33EAE00EA05C9 /* GoogleService-Info.plist in Resources */,
			);
			runOnlyForDeploymentPostprocessing = 0;
		};
/* End PBXResourcesBuildPhase section */

/* Begin PBXSourcesBuildPhase section */
		45A9E4D32BA33DE300EA05C9 /* Sources */ = {
			isa = PBXSourcesBuildPhase;
			buildActionMask = 2147483647;
			files = (
				454127282BA3E9EE00C66FC6 /* EditAccountViewController.swift in Sources */,
				45A9E50A2BA33EAE00EA05C9 /* LoginViewController.swift in Sources */,
				45A0C2012BA486EE00FED62C /* CustomPushAnimator.swift in Sources */,
				45A9E50D2BA33EAE00EA05C9 /* SignUpViewController.swift in Sources */,
				45A9E5082BA33EAE00EA05C9 /* SignInSignUpViewController.swift in Sources */,
				45A9E4DB2BA33DE300EA05C9 /* AppDelegate.swift in Sources */,
				45A9E4DD2BA33DE300EA05C9 /* SceneDelegate.swift in Sources */,
				45A9E50E2BA33EAE00EA05C9 /* AppSettings.swift in Sources */,
				45A9E4E52BA33DE300EA05C9 /* SwiftHire.xcdatamodeld in Sources */,
				458F7EA52BA3657D0040D032 /* DashboardViewController.swift in Sources */,
				455C8CFB2BA57BE500DC4241 /* AdminViewController.swift in Sources */,
				455C8CFD2BA57E1E00DC4241 /* CandidateTableViewCell.swift in Sources */,
				45B7DDAD2BA43694003DB061 /* InterviewCell.swift in Sources */,
				455C8D052BA5EECB00DC4241 /* UserModel.swift in Sources */,
				4541272C2BA3F04000C66FC6 /* ImagePickerCell.swift in Sources */,
				459440342BA63D3600EF04CB /* PersistenceController.swift in Sources */,
				4573C9E52BA6D50000A5AD41 /* Checkbox.swift in Sources */,
			);
			runOnlyForDeploymentPostprocessing = 0;
		};
/* End PBXSourcesBuildPhase section */

/* Begin XCBuildConfiguration section */
		45A9E4EC2BA33DE600EA05C9 /* Debug */ = {
			isa = XCBuildConfiguration;
			buildSettings = {
				ALWAYS_SEARCH_USER_PATHS = NO;
				CLANG_ANALYZER_NONNULL = YES;
				CLANG_ANALYZER_NUMBER_OBJECT_CONVERSION = YES_AGGRESSIVE;
				CLANG_CXX_LANGUAGE_STANDARD = "gnu++20";
				CLANG_ENABLE_MODULES = YES;
				CLANG_ENABLE_OBJC_ARC = YES;
				CLANG_ENABLE_OBJC_WEAK = YES;
				CLANG_WARN_BLOCK_CAPTURE_AUTORELEASING = YES;
				CLANG_WARN_BOOL_CONVERSION = YES;
				CLANG_WARN_COMMA = YES;
				CLANG_WARN_CONSTANT_CONVERSION = YES;
				CLANG_WARN_DEPRECATED_OBJC_IMPLEMENTATIONS = YES;
				CLANG_WARN_DIRECT_OBJC_ISA_USAGE = YES_ERROR;
				CLANG_WARN_DOCUMENTATION_COMMENTS = YES;
				CLANG_WARN_EMPTY_BODY = YES;
				CLANG_WARN_ENUM_CONVERSION = YES;
				CLANG_WARN_INFINITE_RECURSION = YES;
				CLANG_WARN_INT_CONVERSION = YES;
				CLANG_WARN_NON_LITERAL_NULL_CONVERSION = YES;
				CLANG_WARN_OBJC_IMPLICIT_RETAIN_SELF = YES;
				CLANG_WARN_OBJC_LITERAL_CONVERSION = YES;
				CLANG_WARN_OBJC_ROOT_CLASS = YES_ERROR;
				CLANG_WARN_QUOTED_INCLUDE_IN_FRAMEWORK_HEADER = YES;
				CLANG_WARN_RANGE_LOOP_ANALYSIS = YES;
				CLANG_WARN_STRICT_PROTOTYPES = YES;
				CLANG_WARN_SUSPICIOUS_MOVE = YES;
				CLANG_WARN_UNGUARDED_AVAILABILITY = YES_AGGRESSIVE;
				CLANG_WARN_UNREACHABLE_CODE = YES;
				CLANG_WARN__DUPLICATE_METHOD_MATCH = YES;
				COPY_PHASE_STRIP = NO;
				DEBUG_INFORMATION_FORMAT = dwarf;
				ENABLE_STRICT_OBJC_MSGSEND = YES;
				ENABLE_TESTABILITY = YES;
				GCC_C_LANGUAGE_STANDARD = gnu11;
				GCC_DYNAMIC_NO_PIC = NO;
				GCC_NO_COMMON_BLOCKS = YES;
				GCC_OPTIMIZATION_LEVEL = 0;
				GCC_PREPROCESSOR_DEFINITIONS = (
					"DEBUG=1",
					"$(inherited)",
				);
				GCC_WARN_64_TO_32_BIT_CONVERSION = YES;
				GCC_WARN_ABOUT_RETURN_TYPE = YES_ERROR;
				GCC_WARN_UNDECLARED_SELECTOR = YES;
				GCC_WARN_UNINITIALIZED_AUTOS = YES_AGGRESSIVE;
				GCC_WARN_UNUSED_FUNCTION = YES;
				GCC_WARN_UNUSED_VARIABLE = YES;
				IPHONEOS_DEPLOYMENT_TARGET = 16.2;
				MTL_ENABLE_DEBUG_INFO = INCLUDE_SOURCE;
				MTL_FAST_MATH = YES;
				ONLY_ACTIVE_ARCH = YES;
				SDKROOT = iphoneos;
				SWIFT_ACTIVE_COMPILATION_CONDITIONS = DEBUG;
				SWIFT_OPTIMIZATION_LEVEL = "-Onone";
			};
			name = Debug;
		};
		45A9E4ED2BA33DE600EA05C9 /* Release */ = {
			isa = XCBuildConfiguration;
			buildSettings = {
				ALWAYS_SEARCH_USER_PATHS = NO;
				CLANG_ANALYZER_NONNULL = YES;
				CLANG_ANALYZER_NUMBER_OBJECT_CONVERSION = YES_AGGRESSIVE;
				CLANG_CXX_LANGUAGE_STANDARD = "gnu++20";
				CLANG_ENABLE_MODULES = YES;
				CLANG_ENABLE_OBJC_ARC = YES;
				CLANG_ENABLE_OBJC_WEAK = YES;
				CLANG_WARN_BLOCK_CAPTURE_AUTORELEASING = YES;
				CLANG_WARN_BOOL_CONVERSION = YES;
				CLANG_WARN_COMMA = YES;
				CLANG_WARN_CONSTANT_CONVERSION = YES;
				CLANG_WARN_DEPRECATED_OBJC_IMPLEMENTATIONS = YES;
				CLANG_WARN_DIRECT_OBJC_ISA_USAGE = YES_ERROR;
				CLANG_WARN_DOCUMENTATION_COMMENTS = YES;
				CLANG_WARN_EMPTY_BODY = YES;
				CLANG_WARN_ENUM_CONVERSION = YES;
				CLANG_WARN_INFINITE_RECURSION = YES;
				CLANG_WARN_INT_CONVERSION = YES;
				CLANG_WARN_NON_LITERAL_NULL_CONVERSION = YES;
				CLANG_WARN_OBJC_IMPLICIT_RETAIN_SELF = YES;
				CLANG_WARN_OBJC_LITERAL_CONVERSION = YES;
				CLANG_WARN_OBJC_ROOT_CLASS = YES_ERROR;
				CLANG_WARN_QUOTED_INCLUDE_IN_FRAMEWORK_HEADER = YES;
				CLANG_WARN_RANGE_LOOP_ANALYSIS = YES;
				CLANG_WARN_STRICT_PROTOTYPES = YES;
				CLANG_WARN_SUSPICIOUS_MOVE = YES;
				CLANG_WARN_UNGUARDED_AVAILABILITY = YES_AGGRESSIVE;
				CLANG_WARN_UNREACHABLE_CODE = YES;
				CLANG_WARN__DUPLICATE_METHOD_MATCH = YES;
				COPY_PHASE_STRIP = NO;
				DEBUG_INFORMATION_FORMAT = "dwarf-with-dsym";
				ENABLE_NS_ASSERTIONS = NO;
				ENABLE_STRICT_OBJC_MSGSEND = YES;
				GCC_C_LANGUAGE_STANDARD = gnu11;
				GCC_NO_COMMON_BLOCKS = YES;
				GCC_WARN_64_TO_32_BIT_CONVERSION = YES;
				GCC_WARN_ABOUT_RETURN_TYPE = YES_ERROR;
				GCC_WARN_UNDECLARED_SELECTOR = YES;
				GCC_WARN_UNINITIALIZED_AUTOS = YES_AGGRESSIVE;
				GCC_WARN_UNUSED_FUNCTION = YES;
				GCC_WARN_UNUSED_VARIABLE = YES;
				IPHONEOS_DEPLOYMENT_TARGET = 16.2;
				MTL_ENABLE_DEBUG_INFO = NO;
				MTL_FAST_MATH = YES;
				SDKROOT = iphoneos;
				SWIFT_COMPILATION_MODE = wholemodule;
				SWIFT_OPTIMIZATION_LEVEL = "-O";
				VALIDATE_PRODUCT = YES;
			};
			name = Release;
		};
		45A9E4EF2BA33DE600EA05C9 /* Debug */ = {
			isa = XCBuildConfiguration;
			buildSettings = {
				ASSETCATALOG_COMPILER_APPICON_NAME = AppIcon;
				ASSETCATALOG_COMPILER_GLOBAL_ACCENT_COLOR_NAME = AccentColor;
				CODE_SIGN_STYLE = Automatic;
				CURRENT_PROJECT_VERSION = 1;
				DEVELOPMENT_TEAM = 898NQ7FL38;
				GENERATE_INFOPLIST_FILE = YES;
				INFOPLIST_FILE = SwiftHire/Target/Info.plist;
				INFOPLIST_KEY_UIApplicationSupportsIndirectInputEvents = YES;
				INFOPLIST_KEY_UILaunchStoryboardName = LaunchScreen;
				INFOPLIST_KEY_UIMainStoryboardFile = Main;
				INFOPLIST_KEY_UISupportedInterfaceOrientations_iPad = "UIInterfaceOrientationPortrait UIInterfaceOrientationPortraitUpsideDown UIInterfaceOrientationLandscapeLeft UIInterfaceOrientationLandscapeRight";
				INFOPLIST_KEY_UISupportedInterfaceOrientations_iPhone = "UIInterfaceOrientationPortrait UIInterfaceOrientationLandscapeLeft UIInterfaceOrientationLandscapeRight";
				LD_RUNPATH_SEARCH_PATHS = (
					"$(inherited)",
					"@executable_path/Frameworks",
				);
				MARKETING_VERSION = 1.0;
				PRODUCT_BUNDLE_IDENTIFIER = com.vineeth.SwiftHire;
				PRODUCT_NAME = "$(TARGET_NAME)";
				SWIFT_EMIT_LOC_STRINGS = YES;
				SWIFT_VERSION = 5.0;
				TARGETED_DEVICE_FAMILY = "1,2";
			};
			name = Debug;
		};
		45A9E4F02BA33DE600EA05C9 /* Release */ = {
			isa = XCBuildConfiguration;
			buildSettings = {
				ASSETCATALOG_COMPILER_APPICON_NAME = AppIcon;
				ASSETCATALOG_COMPILER_GLOBAL_ACCENT_COLOR_NAME = AccentColor;
				CODE_SIGN_STYLE = Automatic;
				CURRENT_PROJECT_VERSION = 1;
				DEVELOPMENT_TEAM = 898NQ7FL38;
				GENERATE_INFOPLIST_FILE = YES;
				INFOPLIST_FILE = SwiftHire/Target/Info.plist;
				INFOPLIST_KEY_UIApplicationSupportsIndirectInputEvents = YES;
				INFOPLIST_KEY_UILaunchStoryboardName = LaunchScreen;
				INFOPLIST_KEY_UIMainStoryboardFile = Main;
				INFOPLIST_KEY_UISupportedInterfaceOrientations_iPad = "UIInterfaceOrientationPortrait UIInterfaceOrientationPortraitUpsideDown UIInterfaceOrientationLandscapeLeft UIInterfaceOrientationLandscapeRight";
				INFOPLIST_KEY_UISupportedInterfaceOrientations_iPhone = "UIInterfaceOrientationPortrait UIInterfaceOrientationLandscapeLeft UIInterfaceOrientationLandscapeRight";
				LD_RUNPATH_SEARCH_PATHS = (
					"$(inherited)",
					"@executable_path/Frameworks",
				);
				MARKETING_VERSION = 1.0;
				PRODUCT_BUNDLE_IDENTIFIER = com.vineeth.SwiftHire;
				PRODUCT_NAME = "$(TARGET_NAME)";
				SWIFT_EMIT_LOC_STRINGS = YES;
				SWIFT_VERSION = 5.0;
				TARGETED_DEVICE_FAMILY = "1,2";
			};
			name = Release;
		};
/* End XCBuildConfiguration section */

/* Begin XCConfigurationList section */
		45A9E4D22BA33DE300EA05C9 /* Build configuration list for PBXProject "SwiftHire" */ = {
			isa = XCConfigurationList;
			buildConfigurations = (
				45A9E4EC2BA33DE600EA05C9 /* Debug */,
				45A9E4ED2BA33DE600EA05C9 /* Release */,
			);
			defaultConfigurationIsVisible = 0;
			defaultConfigurationName = Release;
		};
		45A9E4EE2BA33DE600EA05C9 /* Build configuration list for PBXNativeTarget "SwiftHire" */ = {
			isa = XCConfigurationList;
			buildConfigurations = (
				45A9E4EF2BA33DE600EA05C9 /* Debug */,
				45A9E4F02BA33DE600EA05C9 /* Release */,
			);
			defaultConfigurationIsVisible = 0;
			defaultConfigurationName = Release;
		};
/* End XCConfigurationList section */

/* Begin XCVersionGroup section */
		45A9E4E32BA33DE300EA05C9 /* SwiftHire.xcdatamodeld */ = {
			isa = XCVersionGroup;
			children = (
				45A9E4E42BA33DE300EA05C9 /* SwiftHire.xcdatamodel */,
			);
			currentVersion = 45A9E4E42BA33DE300EA05C9 /* SwiftHire.xcdatamodel */;
			path = SwiftHire.xcdatamodeld;
			sourceTree = "<group>";
			versionGroupType = wrapper.xcdatamodel;
		};
/* End XCVersionGroup section */
	};
	rootObject = 45A9E4CF2BA33DE300EA05C9 /* Project object */;
}
